{
  "version": 4,
  "terraform_version": "0.13.4",
  "serial": 1183,
  "lineage": "234530d4-ef50-7d34-9066-523bae8584c4",
  "outputs": {},
  "resources": [
    {
      "module": "module.instances",
      "mode": "data",
      "type": "aws_ami",
      "name": "ubuntu",
      "provider": "module.instances.provider[\"registry.terraform.io/hashicorp/aws\"]",
      "instances": [
        {
          "schema_version": 0,
          "attributes": {
            "architecture": "x86_64",
            "arn": "arn:aws:ec2:us-east-1::image/ami-011899242bb902164",
            "block_device_mappings": [
              {
                "device_name": "/dev/sda1",
                "ebs": {
                  "delete_on_termination": "true",
                  "encrypted": "false",
                  "iops": "0",
                  "snapshot_id": "snap-06597535a87157565",
                  "volume_size": "8",
                  "volume_type": "gp2"
                },
                "no_device": "",
                "virtual_name": ""
              },
              {
                "device_name": "/dev/sdb",
                "ebs": {},
                "no_device": "",
                "virtual_name": "ephemeral0"
              },
              {
                "device_name": "/dev/sdc",
                "ebs": {},
                "no_device": "",
                "virtual_name": "ephemeral1"
              }
            ],
            "creation_date": "2021-01-09T01:45:26.000Z",
            "description": "Canonical, Ubuntu, 20.04 LTS, amd64 focal image build on 2021-01-08",
            "executable_users": null,
            "filter": [
              {
                "name": "name",
                "values": [
                  "ubuntu/images/hvm-ssd/ubuntu-focal-20.04-amd64-server-*"
                ]
              },
              {
                "name": "virtualization-type",
                "values": [
                  "hvm"
                ]
              }
            ],
            "hypervisor": "xen",
            "id": "ami-011899242bb902164",
            "image_id": "ami-011899242bb902164",
            "image_location": "099720109477/ubuntu/images/hvm-ssd/ubuntu-focal-20.04-amd64-server-20210108",
            "image_owner_alias": null,
            "image_type": "machine",
            "kernel_id": null,
            "most_recent": true,
            "name": "ubuntu/images/hvm-ssd/ubuntu-focal-20.04-amd64-server-20210108",
            "name_regex": null,
            "owner_id": "099720109477",
            "owners": [
              "099720109477"
            ],
            "platform": null,
            "product_codes": [],
            "public": true,
            "ramdisk_id": null,
            "root_device_name": "/dev/sda1",
            "root_device_type": "ebs",
            "root_snapshot_id": "snap-06597535a87157565",
            "sriov_net_support": "simple",
            "state": "available",
            "state_reason": {
              "code": "UNSET",
              "message": "UNSET"
            },
            "tags": {},
            "virtualization_type": "hvm"
          }
        }
      ]
    },
    {
      "module": "module.instances",
      "mode": "managed",
      "type": "aws_autoscaling_group",
      "name": "asg_public",
      "provider": "module.instances.provider[\"registry.terraform.io/hashicorp/aws\"]",
      "instances": [
        {
          "schema_version": 0,
          "attributes": {
            "arn": "arn:aws:autoscaling:us-east-1:743858840836:autoScalingGroup:38f266a6-0db8-487f-9567-2c40ee0533ec:autoScalingGroupName/ASG - PUB",
            "availability_zones": [
              "us-east-1a",
              "us-east-1b"
            ],
            "capacity_rebalance": false,
            "default_cooldown": 300,
            "desired_capacity": 2,
            "enabled_metrics": null,
            "force_delete": false,
            "health_check_grace_period": 300,
            "health_check_type": "EC2",
            "id": "ASG - PUB",
            "initial_lifecycle_hook": [],
            "instance_refresh": [],
            "launch_configuration": "ASG - LC",
            "launch_template": [],
            "load_balancers": null,
            "max_instance_lifetime": 0,
            "max_size": 3,
            "metrics_granularity": "1Minute",
            "min_elb_capacity": null,
            "min_size": 1,
            "mixed_instances_policy": [],
            "name": "ASG - PUB",
            "name_prefix": null,
            "placement_group": "",
            "protect_from_scale_in": false,
            "service_linked_role_arn": "arn:aws:iam::743858840836:role/aws-service-role/autoscaling.amazonaws.com/AWSServiceRoleForAutoScaling",
            "suspended_processes": null,
            "tag": [
              {
                "key": "Name",
                "propagate_at_launch": true,
                "value": "ASG"
              }
            ],
            "tags": null,
            "target_group_arns": [
              "arn:aws:elasticloadbalancing:us-east-1:743858840836:targetgroup/asg-lb-tg/21f0ed463314c9f1"
            ],
            "termination_policies": null,
            "timeouts": null,
            "vpc_zone_identifier": [
              "subnet-02c6cd00ea959c13e",
              "subnet-0d50badb8cdddc3d3"
            ],
            "wait_for_capacity_timeout": "10m",
            "wait_for_elb_capacity": null
          },
          "private": "eyJlMmJmYjczMC1lY2FhLTExZTYtOGY4OC0zNDM2M2JjN2M0YzAiOnsiZGVsZXRlIjo2MDAwMDAwMDAwMDB9fQ==",
          "dependencies": [
            "module.instances.aws_key_pair.key_access",
            "module.instances.aws_launch_configuration.lc_asg",
            "module.instances.aws_lb_target_group.asg_tg",
            "module.instances.aws_security_group.public_sg",
            "module.instances.data.aws_ami.ubuntu",
            "module.vpc.aws_subnet.public_subnets",
            "module.vpc.aws_vpc.main",
            "module.vpc.data.aws_availability_zones.all"
          ],
          "create_before_destroy": true
        },
        {
          "deposed": "37cd9060",
          "schema_version": 0,
          "attributes": null
        }
      ]
    },
    {
      "module": "module.instances",
      "mode": "managed",
      "type": "aws_key_pair",
      "name": "key_access",
      "provider": "module.instances.provider[\"registry.terraform.io/hashicorp/aws\"]",
      "instances": [
        {
          "schema_version": 1,
          "attributes": {
            "arn": "arn:aws:ec2:us-east-1:743858840836:key-pair/key_access",
            "fingerprint": "42:85:7f:45:08:2b:9c:a6:83:af:28:71:9a:c8:db:a8",
            "id": "key_access",
            "key_name": "key_access",
            "key_name_prefix": null,
            "key_pair_id": "key-0b37eccfa422591a9",
            "public_key": "ssh-rsa AAAAB3NzaC1yc2EAAAADAQABAAABgQC8FiBUhRwycG/JlOib/2+xYIkDJlRTWwFMRL4Z7VJz0fAw8zjvF7Qztmq8DOyabpGh6NyHRkrIenFZ+UtmVqTYSFXwRytdwuBAFzXXSf+05nYxKBqiryXPEm66dD9tMabAMk0twvC4LH6OuXWEgyPED5iJYhQEhMypcslln9KD7fcGWMcdCyoAso2yAgP/Z4fYTi4oQzLOIjgRi265gMDEJPeSNXS77RsYtWhMnb/e79Tli3JFrEfH9SYGm5E8fHrp/FjuIsGf3yuglEKJEc55s125a8CRIwQYShTZS1yHKsIBZFmOwy3bgcMvepTQjam3/BPJn+UFfJYi85/VNb/2amJMlYIG+DjA06RyrVQ5LcfY0AdSDHPIamY5J6ccFbBGMWDXEPoim7/p9KUW03g8kt2aQn6swXSx89dSOcPc8FdMHJI0PsscLBwF1PJ/0Inl5L3BHWmZyD7+zKWXTrK85ilJTaYYKxocpjYRvmlInGkO8PNtphNS3R8HT+PAvAc= catalan@MacBook-Pro-de-Carlos.local",
            "tags": null
          },
          "private": "eyJzY2hlbWFfdmVyc2lvbiI6IjEifQ==",
          "create_before_destroy": true
        }
      ]
    },
    {
      "module": "module.instances",
      "mode": "managed",
      "type": "aws_launch_configuration",
      "name": "lc_asg",
      "provider": "module.instances.provider[\"registry.terraform.io/hashicorp/aws\"]",
      "instances": [
        {
          "schema_version": 0,
          "attributes": {
            "arn": "arn:aws:autoscaling:us-east-1:743858840836:launchConfiguration:555e444c-9725-47ac-a2c7-4616ee5d2973:launchConfigurationName/ASG - LC",
            "associate_public_ip_address": true,
            "ebs_block_device": [],
            "ebs_optimized": false,
            "enable_monitoring": true,
            "ephemeral_block_device": [],
            "iam_instance_profile": "",
            "id": "ASG - LC",
            "image_id": "ami-011899242bb902164",
            "instance_type": "t2.micro",
            "key_name": "key_access",
            "metadata_options": [],
            "name": "ASG - LC",
            "name_prefix": null,
            "placement_tenancy": null,
            "root_block_device": [],
            "security_groups": [
              "sg-00adfe1e192328372"
            ],
            "spot_price": "",
            "user_data": "814df46314a2d68f7ac90e45c583a32d864abf33",
            "user_data_base64": null,
            "vpc_classic_link_id": "",
            "vpc_classic_link_security_groups": null
          },
          "private": "bnVsbA==",
          "dependencies": [
            "module.instances.aws_key_pair.key_access",
            "module.instances.aws_security_group.public_sg",
            "module.instances.data.aws_ami.ubuntu",
            "module.vpc.aws_vpc.main"
          ],
          "create_before_destroy": true
        }
      ]
    },
    {
      "module": "module.instances",
      "mode": "managed",
      "type": "aws_lb",
      "name": "asg_lb",
      "provider": "module.instances.provider[\"registry.terraform.io/hashicorp/aws\"]",
      "instances": [
        {
          "schema_version": 0,
          "attributes": {
            "access_logs": [
              {
                "bucket": "",
                "enabled": false,
                "prefix": ""
              }
            ],
            "arn": "arn:aws:elasticloadbalancing:us-east-1:743858840836:loadbalancer/app/asg-lb/ba9047c46a19ccf0",
            "arn_suffix": "app/asg-lb/ba9047c46a19ccf0",
            "customer_owned_ipv4_pool": "",
            "dns_name": "asg-lb-2082705690.us-east-1.elb.amazonaws.com",
            "drop_invalid_header_fields": false,
            "enable_cross_zone_load_balancing": null,
            "enable_deletion_protection": false,
            "enable_http2": true,
            "id": "arn:aws:elasticloadbalancing:us-east-1:743858840836:loadbalancer/app/asg-lb/ba9047c46a19ccf0",
            "idle_timeout": 60,
            "internal": false,
            "ip_address_type": "ipv4",
            "load_balancer_type": "application",
            "name": "asg-lb",
            "name_prefix": null,
            "security_groups": [
              "sg-00adfe1e192328372"
            ],
            "subnet_mapping": [
              {
                "allocation_id": "",
                "outpost_id": "",
                "private_ipv4_address": "",
                "subnet_id": "subnet-02c6cd00ea959c13e"
              },
              {
                "allocation_id": "",
                "outpost_id": "",
                "private_ipv4_address": "",
                "subnet_id": "subnet-0d50badb8cdddc3d3"
              }
            ],
            "subnets": [
              "subnet-02c6cd00ea959c13e",
              "subnet-0d50badb8cdddc3d3"
            ],
            "tags": null,
            "timeouts": null,
            "vpc_id": "vpc-092fb3ac792c2a205",
            "zone_id": "Z35SXDOTRQ7X7K"
          },
          "private": "eyJlMmJmYjczMC1lY2FhLTExZTYtOGY4OC0zNDM2M2JjN2M0YzAiOnsiY3JlYXRlIjo2MDAwMDAwMDAwMDAsImRlbGV0ZSI6NjAwMDAwMDAwMDAwLCJ1cGRhdGUiOjYwMDAwMDAwMDAwMH19",
          "dependencies": [
            "module.instances.aws_security_group.public_sg",
            "module.vpc.aws_subnet.public_subnets",
            "module.vpc.aws_vpc.main",
            "module.vpc.data.aws_availability_zones.all"
          ]
        }
      ]
    },
    {
      "module": "module.instances",
      "mode": "managed",
      "type": "aws_lb_listener",
      "name": "asg_listener",
      "provider": "module.instances.provider[\"registry.terraform.io/hashicorp/aws\"]",
      "instances": [
        {
          "schema_version": 0,
          "attributes": {
            "arn": "arn:aws:elasticloadbalancing:us-east-1:743858840836:listener/app/asg-lb/ba9047c46a19ccf0/89524567e0355e5a",
            "certificate_arn": null,
            "default_action": [
              {
                "authenticate_cognito": [],
                "authenticate_oidc": [],
                "fixed_response": [],
                "forward": [],
                "order": 1,
                "redirect": [],
                "target_group_arn": "arn:aws:elasticloadbalancing:us-east-1:743858840836:targetgroup/asg-lb-tg/21f0ed463314c9f1",
                "type": "forward"
              }
            ],
            "id": "arn:aws:elasticloadbalancing:us-east-1:743858840836:listener/app/asg-lb/ba9047c46a19ccf0/89524567e0355e5a",
            "load_balancer_arn": "arn:aws:elasticloadbalancing:us-east-1:743858840836:loadbalancer/app/asg-lb/ba9047c46a19ccf0",
            "port": 80,
            "protocol": "HTTP",
            "ssl_policy": "",
            "timeouts": null
          },
          "private": "eyJlMmJmYjczMC1lY2FhLTExZTYtOGY4OC0zNDM2M2JjN2M0YzAiOnsicmVhZCI6NjAwMDAwMDAwMDAwfX0=",
          "dependencies": [
            "module.instances.aws_lb.asg_lb",
            "module.instances.aws_lb_target_group.asg_tg",
            "module.instances.aws_security_group.public_sg",
            "module.vpc.aws_subnet.public_subnets",
            "module.vpc.aws_vpc.main",
            "module.vpc.data.aws_availability_zones.all"
          ]
        }
      ]
    },
    {
      "module": "module.instances",
      "mode": "managed",
      "type": "aws_lb_target_group",
      "name": "asg_tg",
      "provider": "module.instances.provider[\"registry.terraform.io/hashicorp/aws\"]",
      "instances": [
        {
          "schema_version": 0,
          "attributes": {
            "arn": "arn:aws:elasticloadbalancing:us-east-1:743858840836:targetgroup/asg-lb-tg/21f0ed463314c9f1",
            "arn_suffix": "targetgroup/asg-lb-tg/21f0ed463314c9f1",
            "deregistration_delay": 300,
            "health_check": [
              {
                "enabled": true,
                "healthy_threshold": 5,
                "interval": 30,
                "matcher": "200",
                "path": "/",
                "port": "traffic-port",
                "protocol": "HTTP",
                "timeout": 5,
                "unhealthy_threshold": 2
              }
            ],
            "id": "arn:aws:elasticloadbalancing:us-east-1:743858840836:targetgroup/asg-lb-tg/21f0ed463314c9f1",
            "lambda_multi_value_headers_enabled": false,
            "load_balancing_algorithm_type": "round_robin",
            "name": "asg-lb-tg",
            "name_prefix": null,
            "port": 80,
            "protocol": "HTTP",
            "proxy_protocol_v2": false,
            "slow_start": 0,
            "stickiness": [
              {
                "cookie_duration": 86400,
                "enabled": false,
                "type": "lb_cookie"
              }
            ],
            "tags": null,
            "target_type": "instance",
            "vpc_id": "vpc-092fb3ac792c2a205"
          },
          "private": "bnVsbA==",
          "dependencies": [
            "module.vpc.aws_vpc.main"
          ],
          "create_before_destroy": true
        }
      ]
    },
    {
      "module": "module.instances",
      "mode": "managed",
      "type": "aws_security_group",
      "name": "public_sg",
      "provider": "module.instances.provider[\"registry.terraform.io/hashicorp/aws\"]",
      "instances": [
        {
          "schema_version": 1,
          "attributes": {
            "arn": "arn:aws:ec2:us-east-1:743858840836:security-group/sg-00adfe1e192328372",
            "description": "Managed by Terraform",
            "egress": [
              {
                "cidr_blocks": [
                  "0.0.0.0/0"
                ],
                "description": "",
                "from_port": 0,
                "ipv6_cidr_blocks": [],
                "prefix_list_ids": [],
                "protocol": "-1",
                "security_groups": [],
                "self": false,
                "to_port": 0
              }
            ],
            "id": "sg-00adfe1e192328372",
            "ingress": [
              {
                "cidr_blocks": [
                  "0.0.0.0/0"
                ],
                "description": "",
                "from_port": 22,
                "ipv6_cidr_blocks": [],
                "prefix_list_ids": [],
                "protocol": "tcp",
                "security_groups": [],
                "self": false,
                "to_port": 22
              },
              {
                "cidr_blocks": [
                  "0.0.0.0/0"
                ],
                "description": "",
                "from_port": 443,
                "ipv6_cidr_blocks": [],
                "prefix_list_ids": [],
                "protocol": "tcp",
                "security_groups": [],
                "self": false,
                "to_port": 443
              },
              {
                "cidr_blocks": [
                  "0.0.0.0/0"
                ],
                "description": "",
                "from_port": 80,
                "ipv6_cidr_blocks": [],
                "prefix_list_ids": [],
                "protocol": "tcp",
                "security_groups": [],
                "self": false,
                "to_port": 80
              }
            ],
            "name": "Public SG",
            "name_prefix": "",
            "owner_id": "743858840836",
            "revoke_rules_on_delete": false,
            "tags": null,
            "timeouts": null,
            "vpc_id": "vpc-092fb3ac792c2a205"
          },
          "private": "eyJlMmJmYjczMC1lY2FhLTExZTYtOGY4OC0zNDM2M2JjN2M0YzAiOnsiY3JlYXRlIjo2MDAwMDAwMDAwMDAsImRlbGV0ZSI6NjAwMDAwMDAwMDAwfSwic2NoZW1hX3ZlcnNpb24iOiIxIn0=",
          "dependencies": [
            "module.vpc.aws_vpc.main"
          ],
          "create_before_destroy": true
        }
      ]
    },
    {
      "module": "module.network",
      "mode": "managed",
      "type": "aws_internet_gateway",
      "name": "gateway",
      "provider": "module.network.provider[\"registry.terraform.io/hashicorp/aws\"]",
      "instances": [
        {
          "schema_version": 0,
          "attributes": {
            "arn": "arn:aws:ec2:us-east-1:743858840836:internet-gateway/igw-088ca5bf21a211840",
            "id": "igw-088ca5bf21a211840",
            "owner_id": "743858840836",
            "tags": {
              "Name": "Internet Gateway"
            },
            "vpc_id": "vpc-092fb3ac792c2a205"
          },
          "private": "bnVsbA==",
          "dependencies": [
            "module.vpc.aws_vpc.main"
          ]
        }
      ]
    },
    {
      "module": "module.network",
      "mode": "managed",
      "type": "aws_route_table",
      "name": "route_table_public",
      "provider": "module.network.provider[\"registry.terraform.io/hashicorp/aws\"]",
      "instances": [
        {
          "schema_version": 0,
          "attributes": {
            "id": "rtb-0f3cc6c5bb6a6f18f",
            "owner_id": "743858840836",
            "propagating_vgws": [],
            "route": [
              {
                "cidr_block": "0.0.0.0/0",
                "egress_only_gateway_id": "",
                "gateway_id": "igw-088ca5bf21a211840",
                "instance_id": "",
                "ipv6_cidr_block": "",
                "local_gateway_id": "",
                "nat_gateway_id": "",
                "network_interface_id": "",
                "transit_gateway_id": "",
                "vpc_endpoint_id": "",
                "vpc_peering_connection_id": ""
              }
            ],
            "tags": {
              "Name": "Public Subnet"
            },
            "vpc_id": "vpc-092fb3ac792c2a205"
          },
          "private": "bnVsbA==",
          "dependencies": [
            "module.network.aws_internet_gateway.gateway",
            "module.vpc.aws_vpc.main"
          ]
        }
      ]
    },
    {
      "module": "module.network",
      "mode": "managed",
      "type": "aws_route_table_association",
      "name": "route_table_public_association",
      "provider": "module.network.provider[\"registry.terraform.io/hashicorp/aws\"]",
      "instances": [
        {
          "index_key": 0,
          "schema_version": 0,
          "attributes": {
            "gateway_id": null,
            "id": "rtbassoc-004d7014b9c94abec",
            "route_table_id": "rtb-0f3cc6c5bb6a6f18f",
            "subnet_id": "subnet-0d50badb8cdddc3d3"
          },
          "private": "bnVsbA==",
          "dependencies": [
            "module.network.aws_internet_gateway.gateway",
            "module.network.aws_route_table.route_table_public",
            "module.vpc.aws_subnet.public_subnets",
            "module.vpc.aws_vpc.main",
            "module.vpc.data.aws_availability_zones.all"
          ]
        },
        {
          "index_key": 1,
          "schema_version": 0,
          "attributes": {
            "gateway_id": null,
            "id": "rtbassoc-0d898329f44582ccf",
            "route_table_id": "rtb-0f3cc6c5bb6a6f18f",
            "subnet_id": "subnet-02c6cd00ea959c13e"
          },
          "private": "bnVsbA==",
          "dependencies": [
            "module.network.aws_internet_gateway.gateway",
            "module.network.aws_route_table.route_table_public",
            "module.vpc.aws_subnet.public_subnets",
            "module.vpc.aws_vpc.main",
            "module.vpc.data.aws_availability_zones.all"
          ]
        }
      ]
    },
    {
      "module": "module.vpc",
      "mode": "data",
      "type": "aws_availability_zones",
      "name": "all",
      "provider": "module.vpc.provider[\"registry.terraform.io/hashicorp/aws\"]",
      "instances": [
        {
          "schema_version": 0,
          "attributes": {
            "all_availability_zones": null,
            "exclude_names": null,
            "exclude_zone_ids": null,
            "filter": null,
            "group_names": [
              "us-east-1"
            ],
            "id": "us-east-1",
            "names": [
              "us-east-1a",
              "us-east-1b",
              "us-east-1c",
              "us-east-1d",
              "us-east-1e",
              "us-east-1f"
            ],
            "state": "available",
            "zone_ids": [
              "use1-az6",
              "use1-az1",
              "use1-az2",
              "use1-az4",
              "use1-az3",
              "use1-az5"
            ]
          }
        }
      ]
    },
    {
      "module": "module.vpc",
      "mode": "managed",
      "type": "aws_subnet",
      "name": "public_subnets",
      "provider": "module.vpc.provider[\"registry.terraform.io/hashicorp/aws\"]",
      "instances": [
        {
          "index_key": 0,
          "schema_version": 1,
          "attributes": {
            "arn": "arn:aws:ec2:us-east-1:743858840836:subnet/subnet-0d50badb8cdddc3d3",
            "assign_ipv6_address_on_creation": false,
            "availability_zone": "us-east-1a",
            "availability_zone_id": "use1-az6",
            "cidr_block": "10.0.1.0/24",
            "id": "subnet-0d50badb8cdddc3d3",
            "ipv6_cidr_block": "",
            "ipv6_cidr_block_association_id": "",
            "map_public_ip_on_launch": false,
            "outpost_arn": "",
            "owner_id": "743858840836",
            "tags": {
              "Name": "PUB Sub - 1"
            },
            "timeouts": null,
            "vpc_id": "vpc-092fb3ac792c2a205"
          },
          "private": "eyJlMmJmYjczMC1lY2FhLTExZTYtOGY4OC0zNDM2M2JjN2M0YzAiOnsiY3JlYXRlIjo2MDAwMDAwMDAwMDAsImRlbGV0ZSI6MTIwMDAwMDAwMDAwMH0sInNjaGVtYV92ZXJzaW9uIjoiMSJ9",
          "dependencies": [
            "module.vpc.aws_vpc.main",
            "module.vpc.data.aws_availability_zones.all"
          ],
          "create_before_destroy": true
        },
        {
          "index_key": 1,
          "schema_version": 1,
          "attributes": {
            "arn": "arn:aws:ec2:us-east-1:743858840836:subnet/subnet-02c6cd00ea959c13e",
            "assign_ipv6_address_on_creation": false,
            "availability_zone": "us-east-1b",
            "availability_zone_id": "use1-az1",
            "cidr_block": "10.0.2.0/24",
            "id": "subnet-02c6cd00ea959c13e",
            "ipv6_cidr_block": "",
            "ipv6_cidr_block_association_id": "",
            "map_public_ip_on_launch": false,
            "outpost_arn": "",
            "owner_id": "743858840836",
            "tags": {
              "Name": "PUB Sub - 2"
            },
            "timeouts": null,
            "vpc_id": "vpc-092fb3ac792c2a205"
          },
          "private": "eyJlMmJmYjczMC1lY2FhLTExZTYtOGY4OC0zNDM2M2JjN2M0YzAiOnsiY3JlYXRlIjo2MDAwMDAwMDAwMDAsImRlbGV0ZSI6MTIwMDAwMDAwMDAwMH0sInNjaGVtYV92ZXJzaW9uIjoiMSJ9",
          "dependencies": [
            "module.vpc.aws_vpc.main",
            "module.vpc.data.aws_availability_zones.all"
          ],
          "create_before_destroy": true
        }
      ]
    },
    {
      "module": "module.vpc",
      "mode": "managed",
      "type": "aws_vpc",
      "name": "main",
      "provider": "module.vpc.provider[\"registry.terraform.io/hashicorp/aws\"]",
      "instances": [
        {
          "schema_version": 1,
          "attributes": {
            "arn": "arn:aws:ec2:us-east-1:743858840836:vpc/vpc-092fb3ac792c2a205",
            "assign_generated_ipv6_cidr_block": false,
            "cidr_block": "10.0.0.0/16",
            "default_network_acl_id": "acl-0723f07d6b67451f5",
            "default_route_table_id": "rtb-09fa1adac6f3dab5c",
            "default_security_group_id": "sg-0c6478ab293b9f3e5",
            "dhcp_options_id": "dopt-971b73ed",
            "enable_classiclink": false,
            "enable_classiclink_dns_support": false,
            "enable_dns_hostnames": false,
            "enable_dns_support": true,
            "id": "vpc-092fb3ac792c2a205",
            "instance_tenancy": "default",
            "ipv6_association_id": "",
            "ipv6_cidr_block": "",
            "main_route_table_id": "rtb-09fa1adac6f3dab5c",
            "owner_id": "743858840836",
            "tags": {
              "Name": "HA - VPC"
            }
          },
          "private": "eyJzY2hlbWFfdmVyc2lvbiI6IjEifQ==",
          "create_before_destroy": true
        }
      ]
    }
  ]
}
